// !$*UTF8*$!
{
	archiveVersion = 1;
	classes = {
	};
	objectVersion = 46;
	objects = {

/* Begin PBXBuildFile section */
		C262801E1C5CA6490025DF4D /* main.m in Sources */ = {isa = PBXBuildFile; fileRef = C262801D1C5CA6490025DF4D /* main.m */; };
		C26280211C5CA6490025DF4D /* AppDelegate.m in Sources */ = {isa = PBXBuildFile; fileRef = C26280201C5CA6490025DF4D /* AppDelegate.m */; };
		C26280241C5CA6490025DF4D /* ViewController.m in Sources */ = {isa = PBXBuildFile; fileRef = C26280231C5CA6490025DF4D /* ViewController.m */; };
		C26280271C5CA6490025DF4D /* Main.storyboard in Resources */ = {isa = PBXBuildFile; fileRef = C26280251C5CA6490025DF4D /* Main.storyboard */; };
		C26280291C5CA6490025DF4D /* Assets.xcassets in Resources */ = {isa = PBXBuildFile; fileRef = C26280281C5CA6490025DF4D /* Assets.xcassets */; };
		C262802C1C5CA6490025DF4D /* LaunchScreen.storyboard in Resources */ = {isa = PBXBuildFile; fileRef = C262802A1C5CA6490025DF4D /* LaunchScreen.storyboard */; };
		C26280361C5CA7730025DF4D /* WLActionSheetView.m in Sources */ = {isa = PBXBuildFile; fileRef = C26280351C5CA7730025DF4D /* WLActionSheetView.m */; };
		C26280391C5CAD0B0025DF4D /* WLActionItem.m in Sources */ = {isa = PBXBuildFile; fileRef = C26280381C5CAD0B0025DF4D /* WLActionItem.m */; };
/* End PBXBuildFile section */

/* Begin PBXFileReference section */
		C26280191C5CA6490025DF4D /* WLActionSheet.app */ = {isa = PBXFileReference; explicitFileType = wrapper.application; includeInIndex = 0; path = WLActionSheet.app; sourceTree = BUILT_PRODUCTS_DIR; };
		C262801D1C5CA6490025DF4D /* main.m */ = {isa = PBXFileReference; lastKnownFileType = sourcecode.c.objc; path = main.m; sourceTree = "<group>"; };
		C262801F1C5CA6490025DF4D /* AppDelegate.h */ = {isa = PBXFileReference; lastKnownFileType = sourcecode.c.h; path = AppDelegate.h; sourceTree = "<group>"; };
		C26280201C5CA6490025DF4D /* AppDelegate.m */ = {isa = PBXFileReference; lastKnownFileType = sourcecode.c.objc; path = AppDelegate.m; sourceTree = "<group>"; };
		C26280221C5CA6490025DF4D /* ViewController.h */ = {isa = PBXFileReference; lastKnownFileType = sourcecode.c.h; path = ViewController.h; sourceTree = "<group>"; };
		C26280231C5CA6490025DF4D /* ViewController.m */ = {isa = PBXFileReference; lastKnownFileType = sourcecode.c.objc; path = ViewController.m; sourceTree = "<group>"; };
		C26280261C5CA6490025DF4D /* Base */ = {isa = PBXFileReference; lastKnownFileType = file.storyboard; name = Base; path = Base.lproj/Main.storyboard; sourceTree = "<group>"; };
		C26280281C5CA6490025DF4D /* Assets.xcassets */ = {isa = PBXFileReference; lastKnownFileType = folder.assetcatalog; path = Assets.xcassets; sourceTree = "<group>"; };
		C262802B1C5CA6490025DF4D /* Base */ = {isa = PBXFileReference; lastKnownFileType = file.storyboard; name = Base; path = Base.lproj/LaunchScreen.storyboard; sourceTree = "<group>"; };
		C262802D1C5CA6490025DF4D /* Info.plist */ = {isa = PBXFileReference; lastKnownFileType = text.plist.xml; path = Info.plist; sourceTree = "<group>"; };
		C26280341C5CA7730025DF4D /* WLActionSheetView.h */ = {isa = PBXFileReference; fileEncoding = 4; lastKnownFileType = sourcecode.c.h; path = WLActionSheetView.h; sourceTree = "<group>"; };
		C26280351C5CA7730025DF4D /* WLActionSheetView.m */ = {isa = PBXFileReference; fileEncoding = 4; lastKnownFileType = sourcecode.c.objc; path = WLActionSheetView.m; sourceTree = "<group>"; };
		C26280371C5CAD0B0025DF4D /* WLActionItem.h */ = {isa = PBXFileReference; fileEncoding = 4; lastKnownFileType = sourcecode.c.h; path = WLActionItem.h; sourceTree = "<group>"; };
		C26280381C5CAD0B0025DF4D /* WLActionItem.m */ = {isa = PBXFileReference; fileEncoding = 4; lastKnownFileType = sourcecode.c.objc; path = WLActionItem.m; sourceTree = "<group>"; };
/* End PBXFileReference section */

/* Begin PBXFrameworksBuildPhase section */
		C26280161C5CA6490025DF4D /* Frameworks */ = {
			isa = PBXFrameworksBuildPhase;
			buildActionMask = 2147483647;
			files = (
			);
			runOnlyForDeploymentPostprocessing = 0;
		};
/* End PBXFrameworksBuildPhase section */

/* Begin PBXGroup section */
		C26280101C5CA6490025DF4D = {
			isa = PBXGroup;
			children = (
				C26280331C5CA6530025DF4D /* WLActionSheetLib */,
				C262801B1C5CA6490025DF4D /* WLActionSheet */,
				C262801A1C5CA6490025DF4D /* Products */,
			);
			sourceTree = "<group>";
		};
		C262801A1C5CA6490025DF4D /* Products */ = {
			isa = PBXGroup;
			children = (
				C26280191C5CA6490025DF4D /* WLActionSheet.app */,
			);
			name = Products;
			sourceTree = "<group>";
		};
		C262801B1C5CA6490025DF4D /* WLActionSheet */ = {
			isa = PBXGroup;
			children = (
				C262801F1C5CA6490025DF4D /* AppDelegate.h */,
				C26280201C5CA6490025DF4D /* AppDelegate.m */,
				C26280221C5CA6490025DF4D /* ViewController.h */,
				C26280231C5CA6490025DF4D /* ViewController.m */,
				C26280251C5CA6490025DF4D /* Main.storyboard */,
				C26280281C5CA6490025DF4D /* Assets.xcassets */,
				C262802A1C5CA6490025DF4D /* LaunchScreen.storyboard */,
				C262802D1C5CA6490025DF4D /* Info.plist */,
				C262801C1C5CA6490025DF4D /* Supporting Files */,
			);
			path = WLActionSheet;
			sourceTree = "<group>";
		};
		C262801C1C5CA6490025DF4D /* Supporting Files */ = {
			isa = PBXGroup;
			children = (
				C262801D1C5CA6490025DF4D /* main.m */,
			);
			name = "Supporting Files";
			sourceTree = "<group>";
		};
		C26280331C5CA6530025DF4D /* WLActionSheetLib */ = {
			isa = PBXGroup;
			children = (
				C26280341C5CA7730025DF4D /* WLActionSheetView.h */,
				C26280351C5CA7730025DF4D /* WLActionSheetView.m */,
				C26280371C5CAD0B0025DF4D /* WLActionItem.h */,
				C26280381C5CAD0B0025DF4D /* WLActionItem.m */,
			);
			name = WLActionSheetLib;
			path = WLAcitonSheetLib;
			sourceTree = "<group>";
		};
/* End PBXGroup section */

/* Begin PBXNativeTarget section */
		C26280181C5CA6490025DF4D /* WLActionSheet */ = {
			isa = PBXNativeTarget;
			buildConfigurationList = C26280301C5CA6490025DF4D /* Build configuration list for PBXNativeTarget "WLActionSheet" */;
			buildPhases = (
				C26280151C5CA6490025DF4D /* Sources */,
				C26280161C5CA6490025DF4D /* Frameworks */,
				C26280171C5CA6490025DF4D /* Resources */,
			);
			buildRules = (
			);
			dependencies = (
			);
			name = WLActionSheet;
			productName = WLActionSheet;
			productReference = C26280191C5CA6490025DF4D /* WLActionSheet.app */;
			productType = "com.apple.product-type.application";
		};
/* End PBXNativeTarget section */

/* Begin PBXProject section */
		C26280111C5CA6490025DF4D /* Project object */ = {
			isa = PBXProject;
			attributes = {
				LastUpgradeCheck = 0720;
				ORGANIZATIONNAME = com.ptj;
				TargetAttributes = {
					C26280181C5CA6490025DF4D = {
						CreatedOnToolsVersion = 7.2;
					};
				};
			};
			buildConfigurationList = C26280141C5CA6490025DF4D /* Build configuration list for PBXProject "WLActionSheet" */;
			compatibilityVersion = "Xcode 3.2";
			developmentRegion = English;
			hasScannedForEncodings = 0;
			knownRegions = (
				en,
				Base,
			);
			mainGroup = C26280101C5CA6490025DF4D;
			productRefGroup = C262801A1C5CA6490025DF4D /* Products */;
			projectDirPath = "";
			projectRoot = "";
			targets = (
				C26280181C5CA6490025DF4D /* WLActionSheet */,
			);
		};
/* End PBXProject section */

/* Begin PBXResourcesBuildPhase section */
		C26280171C5CA6490025DF4D /* Resources */ = {
			isa = PBXResourcesBuildPhase;
			buildActionMask = 2147483647;
			files = (
				C262802C1C5CA6490025DF4D /* LaunchScreen.storyboard in Resources */,
				C26280291C5CA6490025DF4D /* Assets.xcassets in Resources */,
				C26280271C5CA6490025DF4D /* Main.storyboard in Resources */,
			);
			runOnlyForDeploymentPostprocessing = 0;
		};
/* End PBXResourcesBuildPhase section */

/* Begin PBXSourcesBuildPhase section */
		C26280151C5CA6490025DF4D /* Sources */ = {
			isa = PBXSourcesBuildPhase;
			buildActionMask = 2147483647;
			files = (
				C26280241C5CA6490025DF4D /* ViewController.m in Sources */,
				C26280211C5CA6490025DF4D /* AppDelegate.m in Sources */,
				C262801E1C5CA6490025DF4D /* main.m in Sources */,
				C26280391C5CAD0B0025DF4D /* WLActionItem.m in Sources */,
				C26280361C5CA7730025DF4D /* WLActionSheetView.m in Sources */,
			);
			runOnlyForDeploymentPostprocessing = 0;
		};
/* End PBXSourcesBuildPhase section */

/* Begin PBXVariantGroup section */
		C26280251C5CA6490025DF4D /* Main.storyboard */ = {
			isa = PBXVariantGroup;
			children = (
				C26280261C5CA6490025DF4D /* Base */,
			);
			name = Main.storyboard;
			sourceTree = "<group>";
		};
		C262802A1C5CA6490025DF4D /* LaunchScreen.storyboard */ = {
			isa = PBXVariantGroup;
			children = (
				C262802B1C5CA6490025DF4D /* Base */,
			);
			name = LaunchScreen.storyboard;
			sourceTree = "<group>";
		};
/* End PBXVariantGroup section */

/* Begin XCBuildConfiguration section */
		C262802E1C5CA6490025DF4D /* Debug */ = {
			isa = XCBuildConfiguration;
			buildSettings = {
				ALWAYS_SEARCH_USER_PATHS = NO;
				CLANG_CXX_LANGUAGE_STANDARD = "gnu++0x";
				CLANG_CXX_LIBRARY = "libc++";
				CLANG_ENABLE_MODULES = YES;
				CLANG_ENABLE_OBJC_ARC = YES;
				CLANG_WARN_BOOL_CONVERSION = YES;
				CLANG_WARN_CONSTANT_CONVERSION = YES;
				CLANG_WARN_DIRECT_OBJC_ISA_USAGE = YES_ERROR;
				CLANG_WARN_EMPTY_BODY = YES;
				CLANG_WARN_ENUM_CONVERSION = YES;
				CLANG_WARN_INT_CONVERSION = YES;
				CLANG_WARN_OBJC_ROOT_CLASS = YES_ERROR;
				CLANG_WARN_UNREACHABLE_CODE = YES;
				CLANG_WARN__DUPLICATE_METHOD_MATCH = YES;
				"CODE_SIGN_IDENTITY[sdk=iphoneos*]" = "iPhone Developer";
				COPY_PHASE_STRIP = NO;
				DEBUG_INFORMATION_FORMAT = dwarf;
				ENABLE_STRICT_OBJC_MSGSEND = YES;
				ENABLE_TESTABILITY = YES;
				GCC_C_LANGUAGE_STANDARD = gnu99;
				GCC_DYNAMIC_NO_PIC = NO;
				GCC_NO_COMMON_BLOCKS = YES;
				GCC_OPTIMIZATION_LEVEL = 0;
				GCC_PREPROCESSOR_DEFINITIONS = (
					"DEBUG=1",
					"$(inherited)",
				);
				GCC_WARN_64_TO_32_BIT_CONVERSION = YES;
				GCC_WARN_ABOUT_RETURN_TYPE = YES_ERROR;
				GCC_WARN_UNDECLARED_SELECTOR = YES;
				GCC_WARN_UNINITIALIZED_AUTOS = YES_AGGRESSIVE;
				GCC_WARN_UNUSED_FUNCTION = YES;
				GCC_WARN_UNUSED_VARIABLE = YES;
				IPHONEOS_DEPLOYMENT_TARGET = 9.2;
				MTL_ENABLE_DEBUG_INFO = YES;
				ONLY_ACTIVE_ARCH = YES;
				SDKROOT = iphoneos;
			};
			name = Debug;
		};
		C262802F1C5CA6490025DF4D /* Release */ = {
			isa = XCBuildConfiguration;
			buildSettings = {
				ALWAYS_SEARCH_USER_PATHS = NO;
				CLANG_CXX_LANGUAGE_STANDARD = "gnu++0x";
				CLANG_CXX_LIBRARY = "libc++";
				CLANG_ENABLE_MODULES = YES;
				CLANG_ENABLE_OBJC_ARC = YES;
				CLANG_WARN_BOOL_CONVERSION = YES;
				CLANG_WARN_CONSTANT_CONVERSION = YES;
				CLANG_WARN_DIRECT_OBJC_ISA_USAGE = YES_ERROR;
				CLANG_WARN_EMPTY_BODY = YES;
				CLANG_WARN_ENUM_CONVERSION = YES;
				CLANG_WARN_INT_CONVERSION = YES;
				CLANG_WARN_OBJC_ROOT_CLASS = YES_ERROR;
				CLANG_WARN_UNREACHABLE_CODE = YES;
				CLANG_WARN__DUPLICATE_METHOD_MATCH = YES;
				"CODE_SIGN_IDENTITY[sdk=iphoneos*]" = "iPhone Developer";
				COPY_PHASE_STRIP = NO;
				DEBUG_INFORMATION_FORMAT = "dwarf-with-dsym";
				ENABLE_NS_ASSERTIONS = NO;
				ENABLE_STRICT_OBJC_MSGSEND = YES;
				GCC_C_LANGUAGE_STANDARD = gnu99;
				GCC_NO_COMMON_BLOCKS = YES;
				GCC_WARN_64_TO_32_BIT_CONVERSION = YES;
				GCC_WARN_ABOUT_RETURN_TYPE = YES_ERROR;
				GCC_WARN_UNDECLARED_SELECTOR = YES;
				GCC_WARN_UNINITIALIZED_AUTOS = YES_AGGRESSIVE;
				GCC_WARN_UNUSED_FUNCTION = YES;
				GCC_WARN_UNUSED_VARIABLE = YES;
				IPHONEOS_DEPLOYMENT_TARGET = 9.2;
				MTL_ENABLE_DEBUG_INFO = NO;
				SDKROOT = iphoneos;
				VALIDATE_PRODUCT = YES;
			};
			name = Release;
		};
		C26280311C5CA6490025DF4D /* Debug */ = {
			isa = XCBuildConfiguration;
			buildSettings = {
				ASSETCATALOG_COMPILER_APPICON_NAME = AppIcon;
				INFOPLIST_FILE = WLActionSheet/Info.plist;
				LD_RUNPATH_SEARCH_PATHS = "$(inherited) @executable_path/Frameworks";
				PRODUCT_BUNDLE_IDENTIFIER = com.ptj.WLActionSheet;
				PRODUCT_NAME = "$(TARGET_NAME)";
			};
			name = Debug;
		};
		C26280321C5CA6490025DF4D /* Release */ = {
			isa = XCBuildConfiguration;
			buildSettings = {
				ASSETCATALOG_COMPILER_APPICON_NAME = AppIcon;
				INFOPLIST_FILE = WLActionSheet/Info.plist;
				LD_RUNPATH_SEARCH_PATHS = "$(inherited) @executable_path/Frameworks";
				PRODUCT_BUNDLE_IDENTIFIER = com.ptj.WLActionSheet;
				PRODUCT_NAME = "$(TARGET_NAME)";
			};
			name = Release;
		};
/* End XCBuildConfiguration section */

/* Begin XCConfigurationList section */
		C26280141C5CA6490025DF4D /* Build configuration list for PBXProject "WLActionSheet" */ = {
			isa = XCConfigurationList;
			buildConfigurations = (
				C262802E1C5CA6490025DF4D /* Debug */,
				C262802F1C5CA6490025DF4D /* Release */,
			);
			defaultConfigurationIsVisible = 0;
			defaultConfigurationName = Release;
		};
		C26280301C5CA6490025DF4D /* Build configuration list for PBXNativeTarget "WLActionSheet" */ = {
			isa = XCConfigurationList;
			buildConfigurations = (
				C26280311C5CA6490025DF4D /* Debug */,
				C26280321C5CA6490025DF4D /* Release */,
			);
			defaultConfigurationIsVisible = 0;
		};
/* End XCConfigurationList section */
	};
	rootObject = C26280111C5CA6490025DF4D /* Project object */;
}
